
Microsoft Visual Studio Solution File, Format Version 12.00
# Visual Studio Version 17
VisualStudioVersion = 17.5.33627.172
MinimumVisualStudioVersion = 10.0.40219.1
Project("{FAE04EC0-301F-11D3-BF4B-00C04F79EFBC}") = "UserRegistration", "UserRegistration\UserRegistration.csproj", "{078BFF16-2C89-45FF-93F5-1451E570FA06}"
EndProject
Project("{FAE04EC0-301F-11D3-BF4B-00C04F79EFBC}") = "DAL", "DAL\DAL.csproj", "{EABC6512-D43F-4162-AF9D-FCFD678F741A}"
EndProject
Project("{FAE04EC0-301F-11D3-BF4B-00C04F79EFBC}") = "BAL", "BAL\BAL.csproj", "{AC019371-F555-4C0B-816B-F58FA17284B3}"
EndProject
Project("{FAE04EC0-301F-11D3-BF4B-00C04F79EFBC}") = "RegistrationAPI", "RegistrationAPI\RegistrationAPI.csproj", "{7DF8D1E1-4021-4F52-83CA-BD6D5CB388C2}"
EndProject
Global
	GlobalSection(SolutionConfigurationPlatforms) = preSolution
		Debug|Any CPU = Debug|Any CPU
		Release|Any CPU = Release|Any CPU
	EndGlobalSection
	GlobalSection(ProjectConfigurationPlatforms) = postSolution
		{078BFF16-2C89-45FF-93F5-1451E570FA06}.Debug|Any CPU.ActiveCfg = Debug|Any CPU
		{078BFF16-2C89-45FF-93F5-1451E570FA06}.Debug|Any CPU.Build.0 = Debug|Any CPU
		{078BFF16-2C89-45FF-93F5-1451E570FA06}.Release|Any CPU.ActiveCfg = Release|Any CPU
		{078BFF16-2C89-45FF-93F5-1451E570FA06}.Release|Any CPU.Build.0 = Release|Any CPU
		{EABC6512-D43F-4162-AF9D-FCFD678F741A}.Debug|Any CPU.ActiveCfg = Debug|Any CPU
		{EABC6512-D43F-4162-AF9D-FCFD678F741A}.Debug|Any CPU.Build.0 = Debug|Any CPU
		{EABC6512-D43F-4162-AF9D-FCFD678F741A}.Release|Any CPU.ActiveCfg = Release|Any CPU
		{EABC6512-D43F-4162-AF9D-FCFD678F741A}.Release|Any CPU.Build.0 = Release|Any CPU
		{AC019371-F555-4C0B-816B-F58FA17284B3}.Debug|Any CPU.ActiveCfg = Debug|Any CPU
		{AC019371-F555-4C0B-816B-F58FA17284B3}.Debug|Any CPU.Build.0 = Debug|Any CPU
		{AC019371-F555-4C0B-816B-F58FA17284B3}.Release|Any CPU.ActiveCfg = Release|Any CPU
		{AC019371-F555-4C0B-816B-F58FA17284B3}.Release|Any CPU.Build.0 = Release|Any CPU
		{7DF8D1E1-4021-4F52-83CA-BD6D5CB388C2}.Debug|Any CPU.ActiveCfg = Debug|Any CPU
		{7DF8D1E1-4021-4F52-83CA-BD6D5CB388C2}.Debug|Any CPU.Build.0 = Debug|Any CPU
		{7DF8D1E1-4021-4F52-83CA-BD6D5CB388C2}.Release|Any CPU.ActiveCfg = Release|Any CPU
		{7DF8D1E1-4021-4F52-83CA-BD6D5CB388C2}.Release|Any CPU.Build.0 = Release|Any CPU
	EndGlobalSection
	GlobalSection(SolutionProperties) = preSolution
		HideSolutionNode = FALSE
	EndGlobalSection
	GlobalSection(ExtensibilityGlobals) = postSolution
		SolutionGuid = {76CC678E-FCBD-4AC7-9D10-EBA4E632DAAD}
	EndGlobalSection
EndGlobal
